// !$*UTF8*$!
{
	archiveVersion = 1;
	classes = {
	};
	objectVersion = 46;
	objects = {

/* Begin PBXBuildFile section */
		5881A67B1B32CD4A0061CC97 /* main.m in Sources */ = {isa = PBXBuildFile; fileRef = 5881A67A1B32CD4A0061CC97 /* main.m */; };
		5881A67E1B32CD4A0061CC97 /* AppDelegate.m in Sources */ = {isa = PBXBuildFile; fileRef = 5881A67D1B32CD4A0061CC97 /* AppDelegate.m */; };
		5881A6811B32CD4A0061CC97 /* ViewController.m in Sources */ = {isa = PBXBuildFile; fileRef = 5881A6801B32CD4A0061CC97 /* ViewController.m */; };
		5881A6841B32CD4A0061CC97 /* Main.storyboard in Resources */ = {isa = PBXBuildFile; fileRef = 5881A6821B32CD4A0061CC97 /* Main.storyboard */; };
		5881A6861B32CD4A0061CC97 /* Images.xcassets in Resources */ = {isa = PBXBuildFile; fileRef = 5881A6851B32CD4A0061CC97 /* Images.xcassets */; };
		5881A6891B32CD4A0061CC97 /* LaunchScreen.xib in Resources */ = {isa = PBXBuildFile; fileRef = 5881A6871B32CD4A0061CC97 /* LaunchScreen.xib */; };
		5881A6951B32CD4A0061CC97 /* QRScanViewTests.m in Sources */ = {isa = PBXBuildFile; fileRef = 5881A6941B32CD4A0061CC97 /* QRScanViewTests.m */; };
		5881A6A01B32CD630061CC97 /* QRScanView.m in Sources */ = {isa = PBXBuildFile; fileRef = 5881A69E1B32CD630061CC97 /* QRScanView.m */; };
		5886B1BE1B3B91700016B5E5 /* QRScanEngine.m in Sources */ = {isa = PBXBuildFile; fileRef = 5886B1BD1B3B91700016B5E5 /* QRScanEngine.m */; };
/* End PBXBuildFile section */

/* Begin PBXContainerItemProxy section */
		5881A68F1B32CD4A0061CC97 /* PBXContainerItemProxy */ = {
			isa = PBXContainerItemProxy;
			containerPortal = 5881A66D1B32CD4A0061CC97 /* Project object */;
			proxyType = 1;
			remoteGlobalIDString = 5881A6741B32CD4A0061CC97;
			remoteInfo = QRScanView;
		};
/* End PBXContainerItemProxy section */

/* Begin PBXFileReference section */
		5881A6751B32CD4A0061CC97 /* QRScanView.app */ = {isa = PBXFileReference; explicitFileType = wrapper.application; includeInIndex = 0; path = QRScanView.app; sourceTree = BUILT_PRODUCTS_DIR; };
		5881A6791B32CD4A0061CC97 /* Info.plist */ = {isa = PBXFileReference; lastKnownFileType = text.plist.xml; path = Info.plist; sourceTree = "<group>"; };
		5881A67A1B32CD4A0061CC97 /* main.m */ = {isa = PBXFileReference; lastKnownFileType = sourcecode.c.objc; path = main.m; sourceTree = "<group>"; };
		5881A67C1B32CD4A0061CC97 /* AppDelegate.h */ = {isa = PBXFileReference; lastKnownFileType = sourcecode.c.h; path = AppDelegate.h; sourceTree = "<group>"; };
		5881A67D1B32CD4A0061CC97 /* AppDelegate.m */ = {isa = PBXFileReference; lastKnownFileType = sourcecode.c.objc; path = AppDelegate.m; sourceTree = "<group>"; };
		5881A67F1B32CD4A0061CC97 /* ViewController.h */ = {isa = PBXFileReference; lastKnownFileType = sourcecode.c.h; path = ViewController.h; sourceTree = "<group>"; };
		5881A6801B32CD4A0061CC97 /* ViewController.m */ = {isa = PBXFileReference; lastKnownFileType = sourcecode.c.objc; path = ViewController.m; sourceTree = "<group>"; };
		5881A6831B32CD4A0061CC97 /* Base */ = {isa = PBXFileReference; lastKnownFileType = file.storyboard; name = Base; path = Base.lproj/Main.storyboard; sourceTree = "<group>"; };
		5881A6851B32CD4A0061CC97 /* Images.xcassets */ = {isa = PBXFileReference; lastKnownFileType = folder.assetcatalog; path = Images.xcassets; sourceTree = "<group>"; };
		5881A6881B32CD4A0061CC97 /* Base */ = {isa = PBXFileReference; lastKnownFileType = file.xib; name = Base; path = Base.lproj/LaunchScreen.xib; sourceTree = "<group>"; };
		5881A68E1B32CD4A0061CC97 /* QRScanViewTests.xctest */ = {isa = PBXFileReference; explicitFileType = wrapper.cfbundle; includeInIndex = 0; path = QRScanViewTests.xctest; sourceTree = BUILT_PRODUCTS_DIR; };
		5881A6931B32CD4A0061CC97 /* Info.plist */ = {isa = PBXFileReference; lastKnownFileType = text.plist.xml; path = Info.plist; sourceTree = "<group>"; };
		5881A6941B32CD4A0061CC97 /* QRScanViewTests.m */ = {isa = PBXFileReference; lastKnownFileType = sourcecode.c.objc; path = QRScanViewTests.m; sourceTree = "<group>"; };
		5881A69E1B32CD630061CC97 /* QRScanView.m */ = {isa = PBXFileReference; fileEncoding = 4; lastKnownFileType = sourcecode.c.objc; path = QRScanView.m; sourceTree = "<group>"; };
		5881A69F1B32CD630061CC97 /* QRScanView.h */ = {isa = PBXFileReference; fileEncoding = 4; lastKnownFileType = sourcecode.c.h; path = QRScanView.h; sourceTree = "<group>"; };
		5886B1BC1B3B91700016B5E5 /* QRScanEngine.h */ = {isa = PBXFileReference; fileEncoding = 4; lastKnownFileType = sourcecode.c.h; path = QRScanEngine.h; sourceTree = "<group>"; };
		5886B1BD1B3B91700016B5E5 /* QRScanEngine.m */ = {isa = PBXFileReference; fileEncoding = 4; lastKnownFileType = sourcecode.c.objc; path = QRScanEngine.m; sourceTree = "<group>"; };
/* End PBXFileReference section */

/* Begin PBXFrameworksBuildPhase section */
		5881A6721B32CD4A0061CC97 /* Frameworks */ = {
			isa = PBXFrameworksBuildPhase;
			buildActionMask = 2147483647;
			files = (
			);
			runOnlyForDeploymentPostprocessing = 0;
		};
		5881A68B1B32CD4A0061CC97 /* Frameworks */ = {
			isa = PBXFrameworksBuildPhase;
			buildActionMask = 2147483647;
			files = (
			);
			runOnlyForDeploymentPostprocessing = 0;
		};
/* End PBXFrameworksBuildPhase section */

/* Begin PBXGroup section */
		5881A66C1B32CD4A0061CC97 = {
			isa = PBXGroup;
			children = (
				5881A6A11B32CD650061CC97 /* QRScanView */,
				5881A6771B32CD4A0061CC97 /* QRScanView */,
				5881A6911B32CD4A0061CC97 /* QRScanViewTests */,
				5881A6761B32CD4A0061CC97 /* Products */,
			);
			sourceTree = "<group>";
		};
		5881A6761B32CD4A0061CC97 /* Products */ = {
			isa = PBXGroup;
			children = (
				5881A6751B32CD4A0061CC97 /* QRScanView.app */,
				5881A68E1B32CD4A0061CC97 /* QRScanViewTests.xctest */,
			);
			name = Products;
			sourceTree = "<group>";
		};
		5881A6771B32CD4A0061CC97 /* QRScanView */ = {
			isa = PBXGroup;
			children = (
				5881A67C1B32CD4A0061CC97 /* AppDelegate.h */,
				5881A67D1B32CD4A0061CC97 /* AppDelegate.m */,
				5881A67F1B32CD4A0061CC97 /* ViewController.h */,
				5881A6801B32CD4A0061CC97 /* ViewController.m */,
				5881A6821B32CD4A0061CC97 /* Main.storyboard */,
				5881A6851B32CD4A0061CC97 /* Images.xcassets */,
				5881A6871B32CD4A0061CC97 /* LaunchScreen.xib */,
				5881A6781B32CD4A0061CC97 /* Supporting Files */,
			);
			path = QRScanView;
			sourceTree = "<group>";
		};
		5881A6781B32CD4A0061CC97 /* Supporting Files */ = {
			isa = PBXGroup;
			children = (
				5881A6791B32CD4A0061CC97 /* Info.plist */,
				5881A67A1B32CD4A0061CC97 /* main.m */,
			);
			name = "Supporting Files";
			sourceTree = "<group>";
		};
		5881A6911B32CD4A0061CC97 /* QRScanViewTests */ = {
			isa = PBXGroup;
			children = (
				5881A6941B32CD4A0061CC97 /* QRScanViewTests.m */,
				5881A6921B32CD4A0061CC97 /* Supporting Files */,
			);
			path = QRScanViewTests;
			sourceTree = "<group>";
		};
		5881A6921B32CD4A0061CC97 /* Supporting Files */ = {
			isa = PBXGroup;
			children = (
				5881A6931B32CD4A0061CC97 /* Info.plist */,
			);
			name = "Supporting Files";
			sourceTree = "<group>";
		};
		5881A6A11B32CD650061CC97 /* QRScanView */ = {
			isa = PBXGroup;
			children = (
				5881A69F1B32CD630061CC97 /* QRScanView.h */,
				5881A69E1B32CD630061CC97 /* QRScanView.m */,
				5886B1BC1B3B91700016B5E5 /* QRScanEngine.h */,
				5886B1BD1B3B91700016B5E5 /* QRScanEngine.m */,
			);
			name = QRScanView;
			sourceTree = "<group>";
		};
/* End PBXGroup section */

/* Begin PBXNativeTarget section */
		5881A6741B32CD4A0061CC97 /* QRScanView */ = {
			isa = PBXNativeTarget;
			buildConfigurationList = 5881A6981B32CD4A0061CC97 /* Build configuration list for PBXNativeTarget "QRScanView" */;
			buildPhases = (
				5881A6711B32CD4A0061CC97 /* Sources */,
				5881A6721B32CD4A0061CC97 /* Frameworks */,
				5881A6731B32CD4A0061CC97 /* Resources */,
			);
			buildRules = (
			);
			dependencies = (
			);
			name = QRScanView;
			productName = QRScanView;
			productReference = 5881A6751B32CD4A0061CC97 /* QRScanView.app */;
			productType = "com.apple.product-type.application";
		};
		5881A68D1B32CD4A0061CC97 /* QRScanViewTests */ = {
			isa = PBXNativeTarget;
			buildConfigurationList = 5881A69B1B32CD4A0061CC97 /* Build configuration list for PBXNativeTarget "QRScanViewTests" */;
			buildPhases = (
				5881A68A1B32CD4A0061CC97 /* Sources */,
				5881A68B1B32CD4A0061CC97 /* Frameworks */,
				5881A68C1B32CD4A0061CC97 /* Resources */,
			);
			buildRules = (
			);
			dependencies = (
				5881A6901B32CD4A0061CC97 /* PBXTargetDependency */,
			);
			name = QRScanViewTests;
			productName = QRScanViewTests;
			productReference = 5881A68E1B32CD4A0061CC97 /* QRScanViewTests.xctest */;
			productType = "com.apple.product-type.bundle.unit-test";
		};
/* End PBXNativeTarget section */

/* Begin PBXProject section */
		5881A66D1B32CD4A0061CC97 /* Project object */ = {
			isa = PBXProject;
			attributes = {
				LastUpgradeCheck = 0630;
				ORGANIZATIONNAME = "杨志达";
				TargetAttributes = {
					5881A6741B32CD4A0061CC97 = {
						CreatedOnToolsVersion = 6.3.2;
					};
					5881A68D1B32CD4A0061CC97 = {
						CreatedOnToolsVersion = 6.3.2;
						TestTargetID = 5881A6741B32CD4A0061CC97;
					};
				};
			};
			buildConfigurationList = 5881A6701B32CD4A0061CC97 /* Build configuration list for PBXProject "QRScanView" */;
			compatibilityVersion = "Xcode 3.2";
			developmentRegion = English;
			hasScannedForEncodings = 0;
			knownRegions = (
				en,
				Base,
			);
			mainGroup = 5881A66C1B32CD4A0061CC97;
			productRefGroup = 5881A6761B32CD4A0061CC97 /* Products */;
			projectDirPath = "";
			projectRoot = "";
			targets = (
				5881A6741B32CD4A0061CC97 /* QRScanView */,
				5881A68D1B32CD4A0061CC97 /* QRScanViewTests */,
			);
		};
/* End PBXProject section */

/* Begin PBXResourcesBuildPhase section */
		5881A6731B32CD4A0061CC97 /* Resources */ = {
			isa = PBXResourcesBuildPhase;
			buildActionMask = 2147483647;
			files = (
				5881A6841B32CD4A0061CC97 /* Main.storyboard in Resources */,
				5881A6891B32CD4A0061CC97 /* LaunchScreen.xib in Resources */,
				5881A6861B32CD4A0061CC97 /* Images.xcassets in Resources */,
			);
			runOnlyForDeploymentPostprocessing = 0;
		};
		5881A68C1B32CD4A0061CC97 /* Resources */ = {
			isa = PBXResourcesBuildPhase;
			buildActionMask = 2147483647;
			files = (
			);
			runOnlyForDeploymentPostprocessing = 0;
		};
/* End PBXResourcesBuildPhase section */

/* Begin PBXSourcesBuildPhase section */
		5881A6711B32CD4A0061CC97 /* Sources */ = {
			isa = PBXSourcesBuildPhase;
			buildActionMask = 2147483647;
			files = (
				5881A6811B32CD4A0061CC97 /* ViewController.m in Sources */,
				5886B1BE1B3B91700016B5E5 /* QRScanEngine.m in Sources */,
				5881A67E1B32CD4A0061CC97 /* AppDelegate.m in Sources */,
				5881A6A01B32CD630061CC97 /* QRScanView.m in Sources */,
				5881A67B1B32CD4A0061CC97 /* main.m in Sources */,
			);
			runOnlyForDeploymentPostprocessing = 0;
		};
		5881A68A1B32CD4A0061CC97 /* Sources */ = {
			isa = PBXSourcesBuildPhase;
			buildActionMask = 2147483647;
			files = (
				5881A6951B32CD4A0061CC97 /* QRScanViewTests.m in Sources */,
			);
			runOnlyForDeploymentPostprocessing = 0;
		};
/* End PBXSourcesBuildPhase section */

/* Begin PBXTargetDependency section */
		5881A6901B32CD4A0061CC97 /* PBXTargetDependency */ = {
			isa = PBXTargetDependency;
			target = 5881A6741B32CD4A0061CC97 /* QRScanView */;
			targetProxy = 5881A68F1B32CD4A0061CC97 /* PBXContainerItemProxy */;
		};
/* End PBXTargetDependency section */

/* Begin PBXVariantGroup section */
		5881A6821B32CD4A0061CC97 /* Main.storyboard */ = {
			isa = PBXVariantGroup;
			children = (
				5881A6831B32CD4A0061CC97 /* Base */,
			);
			name = Main.storyboard;
			sourceTree = "<group>";
		};
		5881A6871B32CD4A0061CC97 /* LaunchScreen.xib */ = {
			isa = PBXVariantGroup;
			children = (
				5881A6881B32CD4A0061CC97 /* Base */,
			);
			name = LaunchScreen.xib;
			sourceTree = "<group>";
		};
/* End PBXVariantGroup section */

/* Begin XCBuildConfiguration section */
		5881A6961B32CD4A0061CC97 /* Debug */ = {
			isa = XCBuildConfiguration;
			buildSettings = {
				ALWAYS_SEARCH_USER_PATHS = NO;
				CLANG_CXX_LANGUAGE_STANDARD = "gnu++0x";
				CLANG_CXX_LIBRARY = "libc++";
				CLANG_ENABLE_MODULES = YES;
				CLANG_ENABLE_OBJC_ARC = YES;
				CLANG_WARN_BOOL_CONVERSION = YES;
				CLANG_WARN_CONSTANT_CONVERSION = YES;
				CLANG_WARN_DIRECT_OBJC_ISA_USAGE = YES_ERROR;
				CLANG_WARN_EMPTY_BODY = YES;
				CLANG_WARN_ENUM_CONVERSION = YES;
				CLANG_WARN_INT_CONVERSION = YES;
				CLANG_WARN_OBJC_ROOT_CLASS = YES_ERROR;
				CLANG_WARN_UNREACHABLE_CODE = YES;
				CLANG_WARN__DUPLICATE_METHOD_MATCH = YES;
				"CODE_SIGN_IDENTITY[sdk=iphoneos*]" = "iPhone Developer";
				COPY_PHASE_STRIP = NO;
				DEBUG_INFORMATION_FORMAT = "dwarf-with-dsym";
				ENABLE_STRICT_OBJC_MSGSEND = YES;
				GCC_C_LANGUAGE_STANDARD = gnu99;
				GCC_DYNAMIC_NO_PIC = NO;
				GCC_NO_COMMON_BLOCKS = YES;
				GCC_OPTIMIZATION_LEVEL = 0;
				GCC_PREPROCESSOR_DEFINITIONS = (
					"DEBUG=1",
					"$(inherited)",
				);
				GCC_SYMBOLS_PRIVATE_EXTERN = NO;
				GCC_WARN_64_TO_32_BIT_CONVERSION = YES;
				GCC_WARN_ABOUT_RETURN_TYPE = YES_ERROR;
				GCC_WARN_UNDECLARED_SELECTOR = YES;
				GCC_WARN_UNINITIALIZED_AUTOS = YES_AGGRESSIVE;
				GCC_WARN_UNUSED_FUNCTION = YES;
				GCC_WARN_UNUSED_VARIABLE = YES;
				IPHONEOS_DEPLOYMENT_TARGET = 8.3;
				MTL_ENABLE_DEBUG_INFO = YES;
				ONLY_ACTIVE_ARCH = YES;
				SDKROOT = iphoneos;
			};
			name = Debug;
		};
		5881A6971B32CD4A0061CC97 /* Release */ = {
			isa = XCBuildConfiguration;
			buildSettings = {
				ALWAYS_SEARCH_USER_PATHS = NO;
				CLANG_CXX_LANGUAGE_STANDARD = "gnu++0x";
				CLANG_CXX_LIBRARY = "libc++";
				CLANG_ENABLE_MODULES = YES;
				CLANG_ENABLE_OBJC_ARC = YES;
				CLANG_WARN_BOOL_CONVERSION = YES;
				CLANG_WARN_CONSTANT_CONVERSION = YES;
				CLANG_WARN_DIRECT_OBJC_ISA_USAGE = YES_ERROR;
				CLANG_WARN_EMPTY_BODY = YES;
				CLANG_WARN_ENUM_CONVERSION = YES;
				CLANG_WARN_INT_CONVERSION = YES;
				CLANG_WARN_OBJC_ROOT_CLASS = YES_ERROR;
				CLANG_WARN_UNREACHABLE_CODE = YES;
				CLANG_WARN__DUPLICATE_METHOD_MATCH = YES;
				"CODE_SIGN_IDENTITY[sdk=iphoneos*]" = "iPhone Developer";
				COPY_PHASE_STRIP = NO;
				DEBUG_INFORMATION_FORMAT = "dwarf-with-dsym";
				ENABLE_NS_ASSERTIONS = NO;
				ENABLE_STRICT_OBJC_MSGSEND = YES;
				GCC_C_LANGUAGE_STANDARD = gnu99;
				GCC_NO_COMMON_BLOCKS = YES;
				GCC_WARN_64_TO_32_BIT_CONVERSION = YES;
				GCC_WARN_ABOUT_RETURN_TYPE = YES_ERROR;
				GCC_WARN_UNDECLARED_SELECTOR = YES;
				GCC_WARN_UNINITIALIZED_AUTOS = YES_AGGRESSIVE;
				GCC_WARN_UNUSED_FUNCTION = YES;
				GCC_WARN_UNUSED_VARIABLE = YES;
				IPHONEOS_DEPLOYMENT_TARGET = 8.3;
				MTL_ENABLE_DEBUG_INFO = NO;
				SDKROOT = iphoneos;
				VALIDATE_PRODUCT = YES;
			};
			name = Release;
		};
		5881A6991B32CD4A0061CC97 /* Debug */ = {
			isa = XCBuildConfiguration;
			buildSettings = {
				ASSETCATALOG_COMPILER_APPICON_NAME = AppIcon;
				INFOPLIST_FILE = QRScanView/Info.plist;
				LD_RUNPATH_SEARCH_PATHS = "$(inherited) @executable_path/Frameworks";
				PRODUCT_NAME = "$(TARGET_NAME)";
			};
			name = Debug;
		};
		5881A69A1B32CD4A0061CC97 /* Release */ = {
			isa = XCBuildConfiguration;
			buildSettings = {
				ASSETCATALOG_COMPILER_APPICON_NAME = AppIcon;
				INFOPLIST_FILE = QRScanView/Info.plist;
				LD_RUNPATH_SEARCH_PATHS = "$(inherited) @executable_path/Frameworks";
				PRODUCT_NAME = "$(TARGET_NAME)";
			};
			name = Release;
		};
		5881A69C1B32CD4A0061CC97 /* Debug */ = {
			isa = XCBuildConfiguration;
			buildSettings = {
				BUNDLE_LOADER = "$(TEST_HOST)";
				FRAMEWORK_SEARCH_PATHS = (
					"$(SDKROOT)/Developer/Library/Frameworks",
					"$(inherited)",
				);
				GCC_PREPROCESSOR_DEFINITIONS = (
					"DEBUG=1",
					"$(inherited)",
				);
				INFOPLIST_FILE = QRScanViewTests/Info.plist;
				LD_RUNPATH_SEARCH_PATHS = "$(inherited) @executable_path/Frameworks @loader_path/Frameworks";
				PRODUCT_NAME = "$(TARGET_NAME)";
				TEST_HOST = "$(BUILT_PRODUCTS_DIR)/QRScanView.app/QRScanView";
			};
			name = Debug;
		};
		5881A69D1B32CD4A0061CC97 /* Release */ = {
			isa = XCBuildConfiguration;
			buildSettings = {
				BUNDLE_LOADER = "$(TEST_HOST)";
				FRAMEWORK_SEARCH_PATHS = (
					"$(SDKROOT)/Developer/Library/Frameworks",
					"$(inherited)",
				);
				INFOPLIST_FILE = QRScanViewTests/Info.plist;
				LD_RUNPATH_SEARCH_PATHS = "$(inherited) @executable_path/Frameworks @loader_path/Frameworks";
				PRODUCT_NAME = "$(TARGET_NAME)";
				TEST_HOST = "$(BUILT_PRODUCTS_DIR)/QRScanView.app/QRScanView";
			};
			name = Release;
		};
/* End XCBuildConfiguration section */

/* Begin XCConfigurationList section */
		5881A6701B32CD4A0061CC97 /* Build configuration list for PBXProject "QRScanView" */ = {
			isa = XCConfigurationList;
			buildConfigurations = (
				5881A6961B32CD4A0061CC97 /* Debug */,
				5881A6971B32CD4A0061CC97 /* Release */,
			);
			defaultConfigurationIsVisible = 0;
			defaultConfigurationName = Release;
		};
		5881A6981B32CD4A0061CC97 /* Build configuration list for PBXNativeTarget "QRScanView" */ = {
			isa = XCConfigurationList;
			buildConfigurations = (
				5881A6991B32CD4A0061CC97 /* Debug */,
				5881A69A1B32CD4A0061CC97 /* Release */,
			);
			defaultConfigurationIsVisible = 0;
			defaultConfigurationName = Release;
		};
		5881A69B1B32CD4A0061CC97 /* Build configuration list for PBXNativeTarget "QRScanViewTests" */ = {
			isa = XCConfigurationList;
			buildConfigurations = (
				5881A69C1B32CD4A0061CC97 /* Debug */,
				5881A69D1B32CD4A0061CC97 /* Release */,
			);
			defaultConfigurationIsVisible = 0;
			defaultConfigurationName = Release;
		};
/* End XCConfigurationList section */
	};
	rootObject = 5881A66D1B32CD4A0061CC97 /* Project object */;
}
